{
  "name": "medgyan",
  "lockfileVersion": 3,
  "requires": true,
  "packages": {
    "": {
      "dependencies": {
        "praveen-rbac": "^1.0.0"
      }
    },
    "node_modules/praveen-rbac": {
      "version": "1.0.0",
      "resolved": "https://registry.npmjs.org/praveen-rbac/-/praveen-rbac-1.0.0.tgz",
      "integrity": "sha512-XxvT/PAyz73dQF3hlH6Ar7+ax4WZaOa2NubxFd+UrN+Djg1Ct5s/fFN3f+9b9h7U9MU+yMHlS+i/+AIMyZzBBg==",
      "license": "ISC"
    }
  }
}
